// !$*UTF8*$!
{
	archiveVersion = 1;
	classes = {
	};
	objectVersion = 46;
	objects = {

/* Begin PBXBuildFile section */
		6006400A19F0C19D003485A2 /* AppDelegate.swift in Sources */ = {isa = PBXBuildFile; fileRef = 6006400919F0C19D003485A2 /* AppDelegate.swift */; };
		6006400C19F0C19D003485A2 /* ViewController.swift in Sources */ = {isa = PBXBuildFile; fileRef = 6006400B19F0C19D003485A2 /* ViewController.swift */; };
		6006400F19F0C19D003485A2 /* Main.storyboard in Resources */ = {isa = PBXBuildFile; fileRef = 6006400D19F0C19D003485A2 /* Main.storyboard */; };
		6006401119F0C19D003485A2 /* Images.xcassets in Resources */ = {isa = PBXBuildFile; fileRef = 6006401019F0C19D003485A2 /* Images.xcassets */; };
		6006401419F0C19D003485A2 /* LaunchScreen.xib in Resources */ = {isa = PBXBuildFile; fileRef = 6006401219F0C19D003485A2 /* LaunchScreen.xib */; };
		6006402019F0C19D003485A2 /* FortunaTests.swift in Sources */ = {isa = PBXBuildFile; fileRef = 6006401F19F0C19D003485A2 /* FortunaTests.swift */; };
		6093B6D919F33FCF0059F66C /* negativeQuotes.json in Resources */ = {isa = PBXBuildFile; fileRef = 6093B6D719F33FCF0059F66C /* negativeQuotes.json */; };
		6093B6DA19F33FCF0059F66C /* positiveQuotes.json in Resources */ = {isa = PBXBuildFile; fileRef = 6093B6D819F33FCF0059F66C /* positiveQuotes.json */; };
/* End PBXBuildFile section */

/* Begin PBXContainerItemProxy section */
		6006401A19F0C19D003485A2 /* PBXContainerItemProxy */ = {
			isa = PBXContainerItemProxy;
			containerPortal = 60063FFC19F0C19D003485A2 /* Project object */;
			proxyType = 1;
			remoteGlobalIDString = 6006400319F0C19D003485A2;
			remoteInfo = Fortuna;
		};
/* End PBXContainerItemProxy section */

/* Begin PBXFileReference section */
		6006400419F0C19D003485A2 /* Fortuna.app */ = {isa = PBXFileReference; explicitFileType = wrapper.application; includeInIndex = 0; path = Fortuna.app; sourceTree = BUILT_PRODUCTS_DIR; };
		6006400819F0C19D003485A2 /* Info.plist */ = {isa = PBXFileReference; lastKnownFileType = text.plist.xml; path = Info.plist; sourceTree = "<group>"; };
		6006400919F0C19D003485A2 /* AppDelegate.swift */ = {isa = PBXFileReference; lastKnownFileType = sourcecode.swift; path = AppDelegate.swift; sourceTree = "<group>"; };
		6006400B19F0C19D003485A2 /* ViewController.swift */ = {isa = PBXFileReference; lastKnownFileType = sourcecode.swift; path = ViewController.swift; sourceTree = "<group>"; };
		6006400E19F0C19D003485A2 /* Base */ = {isa = PBXFileReference; lastKnownFileType = file.storyboard; name = Base; path = Base.lproj/Main.storyboard; sourceTree = "<group>"; };
		6006401019F0C19D003485A2 /* Images.xcassets */ = {isa = PBXFileReference; lastKnownFileType = folder.assetcatalog; path = Images.xcassets; sourceTree = "<group>"; };
		6006401319F0C19D003485A2 /* Base */ = {isa = PBXFileReference; lastKnownFileType = file.xib; name = Base; path = Base.lproj/LaunchScreen.xib; sourceTree = "<group>"; };
		6006401919F0C19D003485A2 /* FortunaTests.xctest */ = {isa = PBXFileReference; explicitFileType = wrapper.cfbundle; includeInIndex = 0; path = FortunaTests.xctest; sourceTree = BUILT_PRODUCTS_DIR; };
		6006401E19F0C19D003485A2 /* Info.plist */ = {isa = PBXFileReference; lastKnownFileType = text.plist.xml; path = Info.plist; sourceTree = "<group>"; };
		6006401F19F0C19D003485A2 /* FortunaTests.swift */ = {isa = PBXFileReference; lastKnownFileType = sourcecode.swift; path = FortunaTests.swift; sourceTree = "<group>"; };
		6093B6D719F33FCF0059F66C /* negativeQuotes.json */ = {isa = PBXFileReference; fileEncoding = 4; lastKnownFileType = text.json; path = negativeQuotes.json; sourceTree = "<group>"; };
		6093B6D819F33FCF0059F66C /* positiveQuotes.json */ = {isa = PBXFileReference; fileEncoding = 4; lastKnownFileType = text.json; path = positiveQuotes.json; sourceTree = "<group>"; };
/* End PBXFileReference section */

/* Begin PBXFrameworksBuildPhase section */
		6006400119F0C19D003485A2 /* Frameworks */ = {
			isa = PBXFrameworksBuildPhase;
			buildActionMask = 2147483647;
			files = (
			);
			runOnlyForDeploymentPostprocessing = 0;
		};
		6006401619F0C19D003485A2 /* Frameworks */ = {
			isa = PBXFrameworksBuildPhase;
			buildActionMask = 2147483647;
			files = (
			);
			runOnlyForDeploymentPostprocessing = 0;
		};
/* End PBXFrameworksBuildPhase section */

/* Begin PBXGroup section */
		60063FFB19F0C19D003485A2 = {
			isa = PBXGroup;
			children = (
				6006400619F0C19D003485A2 /* Fortuna */,
				6006401C19F0C19D003485A2 /* FortunaTests */,
				6006400519F0C19D003485A2 /* Products */,
			);
			sourceTree = "<group>";
		};
		6006400519F0C19D003485A2 /* Products */ = {
			isa = PBXGroup;
			children = (
				6006400419F0C19D003485A2 /* Fortuna.app */,
				6006401919F0C19D003485A2 /* FortunaTests.xctest */,
			);
			name = Products;
			sourceTree = "<group>";
		};
		6006400619F0C19D003485A2 /* Fortuna */ = {
			isa = PBXGroup;
			children = (
				6006400919F0C19D003485A2 /* AppDelegate.swift */,
				6006400B19F0C19D003485A2 /* ViewController.swift */,
				6006400D19F0C19D003485A2 /* Main.storyboard */,
				6006401019F0C19D003485A2 /* Images.xcassets */,
				6006401219F0C19D003485A2 /* LaunchScreen.xib */,
				6006400719F0C19D003485A2 /* Supporting Files */,
			);
			path = Fortuna;
			sourceTree = "<group>";
		};
		6006400719F0C19D003485A2 /* Supporting Files */ = {
			isa = PBXGroup;
			children = (
				6093B6D719F33FCF0059F66C /* negativeQuotes.json */,
				6093B6D819F33FCF0059F66C /* positiveQuotes.json */,
				6006400819F0C19D003485A2 /* Info.plist */,
			);
			name = "Supporting Files";
			sourceTree = "<group>";
		};
		6006401C19F0C19D003485A2 /* FortunaTests */ = {
			isa = PBXGroup;
			children = (
				6006401F19F0C19D003485A2 /* FortunaTests.swift */,
				6006401D19F0C19D003485A2 /* Supporting Files */,
			);
			path = FortunaTests;
			sourceTree = "<group>";
		};
		6006401D19F0C19D003485A2 /* Supporting Files */ = {
			isa = PBXGroup;
			children = (
				6006401E19F0C19D003485A2 /* Info.plist */,
			);
			name = "Supporting Files";
			sourceTree = "<group>";
		};
/* End PBXGroup section */

/* Begin PBXNativeTarget section */
		6006400319F0C19D003485A2 /* Fortuna */ = {
			isa = PBXNativeTarget;
			buildConfigurationList = 6006402319F0C19D003485A2 /* Build configuration list for PBXNativeTarget "Fortuna" */;
			buildPhases = (
				6006400019F0C19D003485A2 /* Sources */,
				6006400119F0C19D003485A2 /* Frameworks */,
				6006400219F0C19D003485A2 /* Resources */,
			);
			buildRules = (
			);
			dependencies = (
			);
			name = Fortuna;
			productName = Fortuna;
			productReference = 6006400419F0C19D003485A2 /* Fortuna.app */;
			productType = "com.apple.product-type.application";
		};
		6006401819F0C19D003485A2 /* FortunaTests */ = {
			isa = PBXNativeTarget;
			buildConfigurationList = 6006402619F0C19D003485A2 /* Build configuration list for PBXNativeTarget "FortunaTests" */;
			buildPhases = (
				6006401519F0C19D003485A2 /* Sources */,
				6006401619F0C19D003485A2 /* Frameworks */,
				6006401719F0C19D003485A2 /* Resources */,
			);
			buildRules = (
			);
			dependencies = (
				6006401B19F0C19D003485A2 /* PBXTargetDependency */,
			);
			name = FortunaTests;
			productName = FortunaTests;
			productReference = 6006401919F0C19D003485A2 /* FortunaTests.xctest */;
			productType = "com.apple.product-type.bundle.unit-test";
		};
/* End PBXNativeTarget section */

/* Begin PBXProject section */
		60063FFC19F0C19D003485A2 /* Project object */ = {
			isa = PBXProject;
			attributes = {
				LastUpgradeCheck = 0600;
				ORGANIZATIONNAME = "Cheng Yang";
				TargetAttributes = {
					6006400319F0C19D003485A2 = {
						CreatedOnToolsVersion = 6.0.1;
					};
					6006401819F0C19D003485A2 = {
						CreatedOnToolsVersion = 6.0.1;
						TestTargetID = 6006400319F0C19D003485A2;
					};
				};
			};
			buildConfigurationList = 60063FFF19F0C19D003485A2 /* Build configuration list for PBXProject "Fortuna" */;
			compatibilityVersion = "Xcode 3.2";
			developmentRegion = English;
			hasScannedForEncodings = 0;
			knownRegions = (
				en,
				Base,
			);
			mainGroup = 60063FFB19F0C19D003485A2;
			productRefGroup = 6006400519F0C19D003485A2 /* Products */;
			projectDirPath = "";
			projectRoot = "";
			targets = (
				6006400319F0C19D003485A2 /* Fortuna */,
				6006401819F0C19D003485A2 /* FortunaTests */,
			);
		};
/* End PBXProject section */

/* Begin PBXResourcesBuildPhase section */
		6006400219F0C19D003485A2 /* Resources */ = {
			isa = PBXResourcesBuildPhase;
			buildActionMask = 2147483647;
			files = (
				6006400F19F0C19D003485A2 /* Main.storyboard in Resources */,
				6006401419F0C19D003485A2 /* LaunchScreen.xib in Resources */,
				6093B6DA19F33FCF0059F66C /* positiveQuotes.json in Resources */,
				6006401119F0C19D003485A2 /* Images.xcassets in Resources */,
				6093B6D919F33FCF0059F66C /* negativeQuotes.json in Resources */,
			);
			runOnlyForDeploymentPostprocessing = 0;
		};
		6006401719F0C19D003485A2 /* Resources */ = {
			isa = PBXResourcesBuildPhase;
			buildActionMask = 2147483647;
			files = (
			);
			runOnlyForDeploymentPostprocessing = 0;
		};
/* End PBXResourcesBuildPhase section */

/* Begin PBXSourcesBuildPhase section */
		6006400019F0C19D003485A2 /* Sources */ = {
			isa = PBXSourcesBuildPhase;
			buildActionMask = 2147483647;
			files = (
				6006400C19F0C19D003485A2 /* ViewController.swift in Sources */,
				6006400A19F0C19D003485A2 /* AppDelegate.swift in Sources */,
			);
			runOnlyForDeploymentPostprocessing = 0;
		};
		6006401519F0C19D003485A2 /* Sources */ = {
			isa = PBXSourcesBuildPhase;
			buildActionMask = 2147483647;
			files = (
				6006402019F0C19D003485A2 /* FortunaTests.swift in Sources */,
			);
			runOnlyForDeploymentPostprocessing = 0;
		};
/* End PBXSourcesBuildPhase section */

/* Begin PBXTargetDependency section */
		6006401B19F0C19D003485A2 /* PBXTargetDependency */ = {
			isa = PBXTargetDependency;
			target = 6006400319F0C19D003485A2 /* Fortuna */;
			targetProxy = 6006401A19F0C19D003485A2 /* PBXContainerItemProxy */;
		};
/* End PBXTargetDependency section */

/* Begin PBXVariantGroup section */
		6006400D19F0C19D003485A2 /* Main.storyboard */ = {
			isa = PBXVariantGroup;
			children = (
				6006400E19F0C19D003485A2 /* Base */,
			);
			name = Main.storyboard;
			sourceTree = "<group>";
		};
		6006401219F0C19D003485A2 /* LaunchScreen.xib */ = {
			isa = PBXVariantGroup;
			children = (
				6006401319F0C19D003485A2 /* Base */,
			);
			name = LaunchScreen.xib;
			sourceTree = "<group>";
		};
/* End PBXVariantGroup section */

/* Begin XCBuildConfiguration section */
		6006402119F0C19D003485A2 /* Debug */ = {
			isa = XCBuildConfiguration;
			buildSettings = {
				ALWAYS_SEARCH_USER_PATHS = NO;
				CLANG_CXX_LANGUAGE_STANDARD = "gnu++0x";
				CLANG_CXX_LIBRARY = "libc++";
				CLANG_ENABLE_MODULES = YES;
				CLANG_ENABLE_OBJC_ARC = YES;
				CLANG_WARN_BOOL_CONVERSION = YES;
				CLANG_WARN_CONSTANT_CONVERSION = YES;
				CLANG_WARN_DIRECT_OBJC_ISA_USAGE = YES_ERROR;
				CLANG_WARN_EMPTY_BODY = YES;
				CLANG_WARN_ENUM_CONVERSION = YES;
				CLANG_WARN_INT_CONVERSION = YES;
				CLANG_WARN_OBJC_ROOT_CLASS = YES_ERROR;
				CLANG_WARN_UNREACHABLE_CODE = YES;
				CLANG_WARN__DUPLICATE_METHOD_MATCH = YES;
				"CODE_SIGN_IDENTITY[sdk=iphoneos*]" = "iPhone Developer";
				COPY_PHASE_STRIP = NO;
				ENABLE_STRICT_OBJC_MSGSEND = YES;
				GCC_C_LANGUAGE_STANDARD = gnu99;
				GCC_DYNAMIC_NO_PIC = NO;
				GCC_OPTIMIZATION_LEVEL = 0;
				GCC_PREPROCESSOR_DEFINITIONS = (
					"DEBUG=1",
					"$(inherited)",
				);
				GCC_SYMBOLS_PRIVATE_EXTERN = NO;
				GCC_WARN_64_TO_32_BIT_CONVERSION = YES;
				GCC_WARN_ABOUT_RETURN_TYPE = YES_ERROR;
				GCC_WARN_UNDECLARED_SELECTOR = YES;
				GCC_WARN_UNINITIALIZED_AUTOS = YES_AGGRESSIVE;
				GCC_WARN_UNUSED_FUNCTION = YES;
				GCC_WARN_UNUSED_VARIABLE = YES;
				IPHONEOS_DEPLOYMENT_TARGET = 8.0;
				MTL_ENABLE_DEBUG_INFO = YES;
				ONLY_ACTIVE_ARCH = YES;
				SDKROOT = iphoneos;
				SWIFT_OPTIMIZATION_LEVEL = "-Onone";
				TARGETED_DEVICE_FAMILY = "1,2";
			};
			name = Debug;
		};
		6006402219F0C19D003485A2 /* Release */ = {
			isa = XCBuildConfiguration;
			buildSettings = {
				ALWAYS_SEARCH_USER_PATHS = NO;
				CLANG_CXX_LANGUAGE_STANDARD = "gnu++0x";
				CLANG_CXX_LIBRARY = "libc++";
				CLANG_ENABLE_MODULES = YES;
				CLANG_ENABLE_OBJC_ARC = YES;
				CLANG_WARN_BOOL_CONVERSION = YES;
				CLANG_WARN_CONSTANT_CONVERSION = YES;
				CLANG_WARN_DIRECT_OBJC_ISA_USAGE = YES_ERROR;
				CLANG_WARN_EMPTY_BODY = YES;
				CLANG_WARN_ENUM_CONVERSION = YES;
				CLANG_WARN_INT_CONVERSION = YES;
				CLANG_WARN_OBJC_ROOT_CLASS = YES_ERROR;
				CLANG_WARN_UNREACHABLE_CODE = YES;
				CLANG_WARN__DUPLICATE_METHOD_MATCH = YES;
				"CODE_SIGN_IDENTITY[sdk=iphoneos*]" = "iPhone Developer";
				COPY_PHASE_STRIP = YES;
				ENABLE_NS_ASSERTIONS = NO;
				ENABLE_STRICT_OBJC_MSGSEND = YES;
				GCC_C_LANGUAGE_STANDARD = gnu99;
				GCC_WARN_64_TO_32_BIT_CONVERSION = YES;
				GCC_WARN_ABOUT_RETURN_TYPE = YES_ERROR;
				GCC_WARN_UNDECLARED_SELECTOR = YES;
				GCC_WARN_UNINITIALIZED_AUTOS = YES_AGGRESSIVE;
				GCC_WARN_UNUSED_FUNCTION = YES;
				GCC_WARN_UNUSED_VARIABLE = YES;
				IPHONEOS_DEPLOYMENT_TARGET = 8.0;
				MTL_ENABLE_DEBUG_INFO = NO;
				SDKROOT = iphoneos;
				TARGETED_DEVICE_FAMILY = "1,2";
				VALIDATE_PRODUCT = YES;
			};
			name = Release;
		};
		6006402419F0C19D003485A2 /* Debug */ = {
			isa = XCBuildConfiguration;
			buildSettings = {
				ASSETCATALOG_COMPILER_APPICON_NAME = AppIcon;
				INFOPLIST_FILE = Fortuna/Info.plist;
				LD_RUNPATH_SEARCH_PATHS = "$(inherited) @executable_path/Frameworks";
				PRODUCT_NAME = "$(TARGET_NAME)";
			};
			name = Debug;
		};
		6006402519F0C19D003485A2 /* Release */ = {
			isa = XCBuildConfiguration;
			buildSettings = {
				ASSETCATALOG_COMPILER_APPICON_NAME = AppIcon;
				INFOPLIST_FILE = Fortuna/Info.plist;
				LD_RUNPATH_SEARCH_PATHS = "$(inherited) @executable_path/Frameworks";
				PRODUCT_NAME = "$(TARGET_NAME)";
			};
			name = Release;
		};
		6006402719F0C19D003485A2 /* Debug */ = {
			isa = XCBuildConfiguration;
			buildSettings = {
				BUNDLE_LOADER = "$(TEST_HOST)";
				FRAMEWORK_SEARCH_PATHS = (
					"$(SDKROOT)/Developer/Library/Frameworks",
					"$(inherited)",
				);
				GCC_PREPROCESSOR_DEFINITIONS = (
					"DEBUG=1",
					"$(inherited)",
				);
				INFOPLIST_FILE = FortunaTests/Info.plist;
				LD_RUNPATH_SEARCH_PATHS = "$(inherited) @executable_path/Frameworks @loader_path/Frameworks";
				PRODUCT_NAME = "$(TARGET_NAME)";
				TEST_HOST = "$(BUILT_PRODUCTS_DIR)/Fortuna.app/Fortuna";
			};
			name = Debug;
		};
		6006402819F0C19D003485A2 /* Release */ = {
			isa = XCBuildConfiguration;
			buildSettings = {
				BUNDLE_LOADER = "$(TEST_HOST)";
				FRAMEWORK_SEARCH_PATHS = (
					"$(SDKROOT)/Developer/Library/Frameworks",
					"$(inherited)",
				);
				INFOPLIST_FILE = FortunaTests/Info.plist;
				LD_RUNPATH_SEARCH_PATHS = "$(inherited) @executable_path/Frameworks @loader_path/Frameworks";
				PRODUCT_NAME = "$(TARGET_NAME)";
				TEST_HOST = "$(BUILT_PRODUCTS_DIR)/Fortuna.app/Fortuna";
			};
			name = Release;
		};
/* End XCBuildConfiguration section */

/* Begin XCConfigurationList section */
		60063FFF19F0C19D003485A2 /* Build configuration list for PBXProject "Fortuna" */ = {
			isa = XCConfigurationList;
			buildConfigurations = (
				6006402119F0C19D003485A2 /* Debug */,
				6006402219F0C19D003485A2 /* Release */,
			);
			defaultConfigurationIsVisible = 0;
			defaultConfigurationName = Release;
		};
		6006402319F0C19D003485A2 /* Build configuration list for PBXNativeTarget "Fortuna" */ = {
			isa = XCConfigurationList;
			buildConfigurations = (
				6006402419F0C19D003485A2 /* Debug */,
				6006402519F0C19D003485A2 /* Release */,
			);
			defaultConfigurationIsVisible = 0;
			defaultConfigurationName = Release;
		};
		6006402619F0C19D003485A2 /* Build configuration list for PBXNativeTarget "FortunaTests" */ = {
			isa = XCConfigurationList;
			buildConfigurations = (
				6006402719F0C19D003485A2 /* Debug */,
				6006402819F0C19D003485A2 /* Release */,
			);
			defaultConfigurationIsVisible = 0;
			defaultConfigurationName = Release;
		};
/* End XCConfigurationList section */
	};
	rootObject = 60063FFC19F0C19D003485A2 /* Project object */;
}
